
Microsoft Visual Studio Solution File, Format Version 12.00
# Visual Studio Version 16
VisualStudioVersion = 16.0.32413.511
MinimumVisualStudioVersion = 10.0.40219.1
Project("{D2ABAB84-BF74-430A-B69E-9DC6D40DDA17}") = "ProjetMultidimensionnel2", "ProjetMultidimensionnel2\ProjetMultidimensionnel2.dwproj", "{313633F4-51D0-46AB-97A9-3739F56A2358}"
EndProject
Global
	GlobalSection(SolutionConfigurationPlatforms) = preSolution
		Development|Default = Development|Default
	EndGlobalSection
	GlobalSection(ProjectConfigurationPlatforms) = postSolution
		{313633F4-51D0-46AB-97A9-3739F56A2358}.Development|Default.ActiveCfg = Development
		{313633F4-51D0-46AB-97A9-3739F56A2358}.Development|Default.Build.0 = Development
		{313633F4-51D0-46AB-97A9-3739F56A2358}.Development|Default.Deploy.0 = Development
	EndGlobalSection
	GlobalSection(SolutionProperties) = preSolution
		HideSolutionNode = FALSE
	EndGlobalSection
	GlobalSection(ExtensibilityGlobals) = postSolution
		SolutionGuid = {02DA6F3A-7795-4C79-AC13-3B32DF0A7FB8}
	EndGlobalSection
EndGlobal
